{
  "projects": [
    {
      "projectId": "58GpZjZCWTaJ8AUhpCwt2K",
      "version": "3.33.0",
      "dependencies": {},
      "lang": "ts",
      "fileLocks": [
        {
          "assetId": "58GpZjZCWTaJ8AUhpCwt2K",
          "type": "projectCss",
          "checksum": "b4cfca3020a1c748035158bb466abc3b"
        },
        {
          "assetId": "58GpZjZCWTaJ8AUhpCwt2K",
          "checksum": "ba5a227fa7f7d5c086cc9a3f0cebe732",
          "type": "projectModule"
        },
        {
          "assetId": "58GpZjZCWTaJ8AUhpCwt2K",
          "checksum": "ce805aeb5be9bd988f98833caab3188b",
          "type": "styleTokensProvider"
        }
      ],
      "codegenVersion": "0.0.2"
    },
    {
      "projectId": "7nJ7UcFmq9UzB6eXfC5z4a",
      "version": "0.36.0",
      "dependencies": {},
      "lang": "ts",
      "fileLocks": [
        {
          "assetId": "7nJ7UcFmq9UzB6eXfC5z4a",
          "type": "projectCss",
          "checksum": "094acef1b416945664ed3718a7cd2665"
        },
        {
          "assetId": "7nJ7UcFmq9UzB6eXfC5z4a",
          "checksum": "7163d6064a75eb61d5378e18a09f8af8",
          "type": "projectModule"
        },
        {
          "assetId": "7nJ7UcFmq9UzB6eXfC5z4a",
          "checksum": "4b44efa19ae2bdd8aa4d0e4ecd07daf0",
          "type": "styleTokensProvider"
        }
      ],
      "codegenVersion": "0.0.2"
    },
    {
      "projectId": "h43WxHYwGcNqk1ddSabSmh",
      "version": "latest",
      "dependencies": {
        "7nJ7UcFmq9UzB6eXfC5z4a": "0.36.0",
        "58GpZjZCWTaJ8AUhpCwt2K": "3.33.0"
      },
      "lang": "ts",
      "fileLocks": [
        {
          "type": "globalVariant",
          "assetId": "Ip6lkoc6YmH_",
          "checksum": "6d165bb9f39aa7cbccec9638eeb14bdf"
        },
        {
          "assetId": "h43WxHYwGcNqk1ddSabSmh",
          "type": "projectCss",
          "checksum": "11fa36eabf043f6992443fa064bf80bd"
        },
        {
          "assetId": "h43WxHYwGcNqk1ddSabSmh",
          "checksum": "4afc97a07b132ae8971df581a83de6bb",
          "type": "projectModule"
        },
        {
          "assetId": "h43WxHYwGcNqk1ddSabSmh",
          "checksum": "143e9fb2e0fc42a43e99a0ad1d4245e0",
          "type": "styleTokensProvider"
        },
        {
          "type": "renderModule",
          "assetId": "L8RO9-r3aCnC",
          "checksum": "1c3ea49ebc9f3d3cb07c404f05c17d00"
        },
        {
          "type": "cssRules",
          "assetId": "L8RO9-r3aCnC",
          "checksum": "1c3ea49ebc9f3d3cb07c404f05c17d00"
        },
        {
          "type": "renderModule",
          "assetId": "O1IvhO3SjS0-",
          "checksum": "2820599126fdb96490b79d34d1b9021c"
        },
        {
          "type": "cssRules",
          "assetId": "O1IvhO3SjS0-",
          "checksum": "2820599126fdb96490b79d34d1b9021c"
        },
        {
          "type": "renderModule",
          "assetId": "z05GewKfUuGh",
          "checksum": "73556fbbd0c401d0e5c89cc86ed32fd7"
        },
        {
          "type": "cssRules",
          "assetId": "z05GewKfUuGh",
          "checksum": "73556fbbd0c401d0e5c89cc86ed32fd7"
        },
        {
          "type": "renderModule",
          "assetId": "SghgRdN69bYc",
          "checksum": "84090f85b247a1a9a6c9b4aeb7e51d0c"
        },
        {
          "type": "cssRules",
          "assetId": "SghgRdN69bYc",
          "checksum": "84090f85b247a1a9a6c9b4aeb7e51d0c"
        },
        {
          "type": "renderModule",
          "assetId": "EhZavOzgDizE",
          "checksum": "19e8ef5c50f272e19ac4913b2f47062a"
        },
        {
          "type": "cssRules",
          "assetId": "EhZavOzgDizE",
          "checksum": "19e8ef5c50f272e19ac4913b2f47062a"
        },
        {
          "type": "renderModule",
          "assetId": "r66GgLmqV9UQ",
          "checksum": "efb6dd524d2a7b838722c7b6d44c159a"
        },
        {
          "type": "cssRules",
          "assetId": "r66GgLmqV9UQ",
          "checksum": "efb6dd524d2a7b838722c7b6d44c159a"
        },
        {
          "type": "renderModule",
          "assetId": "Qcpi-BA5s5Ra",
          "checksum": "7f3060a6329166aac1ce635ce45986e2"
        },
        {
          "type": "cssRules",
          "assetId": "Qcpi-BA5s5Ra",
          "checksum": "7f3060a6329166aac1ce635ce45986e2"
        },
        {
          "type": "renderModule",
          "assetId": "QjBT_-CxS91e",
          "checksum": "e4bcbe9720cb79d2e495efa030d767fd"
        },
        {
          "type": "cssRules",
          "assetId": "QjBT_-CxS91e",
          "checksum": "e4bcbe9720cb79d2e495efa030d767fd"
        },
        {
          "type": "renderModule",
          "assetId": "6HzFxRdorRiW",
          "checksum": "f88ddb9b10c7e5a55dcc43882a980470"
        },
        {
          "type": "cssRules",
          "assetId": "6HzFxRdorRiW",
          "checksum": "f88ddb9b10c7e5a55dcc43882a980470"
        },
        {
          "type": "renderModule",
          "assetId": "hv0VkJTvFnMM",
          "checksum": "5f4acc202d413d99c290b3607c7f76d5"
        },
        {
          "type": "cssRules",
          "assetId": "hv0VkJTvFnMM",
          "checksum": "5f4acc202d413d99c290b3607c7f76d5"
        },
        {
          "type": "icon",
          "assetId": "bWiWyDB9n94u",
          "checksum": "bdfeb2777c2956905c3c0e3a91d50a91"
        },
        {
          "type": "icon",
          "assetId": "KxsoFWEMCYsJ",
          "checksum": "ad17b0740c00e89ef8f9c3ab303aec31"
        },
        {
          "type": "icon",
          "assetId": "1J0ls-BOks3c",
          "checksum": "26c462ace90996ea894c737b63566829"
        },
        {
          "type": "icon",
          "assetId": "5fTJxuCr1Riq",
          "checksum": "747f20c18ddb5855c9a8d10cc46ca3e2"
        },
        {
          "type": "icon",
          "assetId": "P7n-lll7pG3w",
          "checksum": "5f797be6c673d4102bdb014a25afc118"
        },
        {
          "type": "icon",
          "assetId": "BYxJoRWOjWhT",
          "checksum": "d2d372456176dc96693e5adb07e86097"
        },
        {
          "type": "icon",
          "assetId": "f9yvwNwA6kFK",
          "checksum": "08c94cf596e2cd895fec1b04884cc2f1"
        },
        {
          "type": "icon",
          "assetId": "_xMY-yTPSp6C",
          "checksum": "3390e5901ad0d1edaac659ba238b6603"
        },
        {
          "type": "icon",
          "assetId": "RTXNIYEMO186",
          "checksum": "96f8f5a70ca182248acb7087291ebd87"
        },
        {
          "type": "icon",
          "assetId": "3wUEeVa31pC2",
          "checksum": "54861caa659733e33e4b184b2ea3827e"
        },
        {
          "type": "image",
          "assetId": "7nXU3rBUDdsX",
          "checksum": "1cc2099bb98e1ce9b0e8da894d8bd377"
        },
        {
          "type": "image",
          "assetId": "BSkbuA0fJQKP",
          "checksum": "8e1dfb73d8826f25c2e9ab1c0540e917"
        },
        {
          "type": "image",
          "assetId": "fqSnJyRhb2uS",
          "checksum": "eb433a2b51bdd724d82c4dba7e3c6ae8"
        },
        {
          "type": "image",
          "assetId": "SdkDEYii8E5X",
          "checksum": "4166b35c27de49256b18ccb3b80a6bea"
        },
        {
          "type": "image",
          "assetId": "Xd0pa22sGFS9",
          "checksum": "9a75b9a9bba78bc7930bc9d900dc43a0"
        },
        {
          "type": "image",
          "assetId": "y8q5mnyV_9xm",
          "checksum": "654bbafcd793d9a111f9af72bf42f8af"
        },
        {
          "type": "image",
          "assetId": "PLkTyZnAz_OI",
          "checksum": "5261ce1635f39ec34bb07a7e9cc03345"
        },
        {
          "type": "image",
          "assetId": "mS7A9uuUISm6",
          "checksum": "02695f53cd3d7e676977657fe3609d8a"
        },
        {
          "type": "image",
          "assetId": "3t7vywVHRewe",
          "checksum": "01e0a4bb7bee9c95a7d8104ae1f7c8e2"
        },
        {
          "type": "image",
          "assetId": "xguSXRS318Na",
          "checksum": "9684a73068239605cf82767367f15227"
        },
        {
          "type": "image",
          "assetId": "Q0WVz0qtoOK_",
          "checksum": "0b9b03d8bba81b75c98f97077a93fff5"
        },
        {
          "type": "image",
          "assetId": "KVkRQNuW9Gk3",
          "checksum": "72995b163ef22c04519fecafd11f99b3"
        },
        {
          "type": "image",
          "assetId": "cqH4vrTIUzKR",
          "checksum": "c7165f1dbc3cc858325a2310abe0dcda"
        },
        {
          "type": "image",
          "assetId": "YwXZBtUmrxWy",
          "checksum": "698b6db59227c468804001e3d17a6e95"
        },
        {
          "type": "image",
          "assetId": "U1ncVP47LUwL",
          "checksum": "c4e23882e095508593d96be72bfd763a"
        },
        {
          "type": "image",
          "assetId": "ROPp4mUqkvXz",
          "checksum": "34889c09d14f6874d5221ef94c408ff3"
        },
        {
          "type": "image",
          "assetId": "LzACqbCyoay6",
          "checksum": "30c388f62c10c1593db0516b326a26e1"
        },
        {
          "type": "image",
          "assetId": "nN6Qhgq3J-0V",
          "checksum": "ac86093b33b9bc051e00a687ee16e778"
        },
        {
          "type": "image",
          "assetId": "kP9FRYiiH_dO",
          "checksum": "c14732bb9161d4692fbcbeb21f2c5a68"
        },
        {
          "type": "image",
          "assetId": "nbT8sQrdSc71",
          "checksum": "e348bbf87eb5fd89431e1400da27013e"
        },
        {
          "type": "image",
          "assetId": "leyc3wmJTKtA",
          "checksum": "647bb0491237021a273b3061c495cfc2"
        },
        {
          "type": "image",
          "assetId": "bMErpuhoTQkf",
          "checksum": "9a1ccb36a00efa4ee0f6479812e95d82"
        },
        {
          "type": "image",
          "assetId": "KNenO9VlAjZF",
          "checksum": "33bc70f3241269a5d3b24e1f3aa79433"
        },
        {
          "type": "image",
          "assetId": "VJEbVFt1dolq",
          "checksum": "8a5c3a41402527fb2f7e4c7462294125"
        },
        {
          "type": "image",
          "assetId": "dS1-AW9njgSi",
          "checksum": "b43a3cff07c35f546ebb54ceb73eade6"
        },
        {
          "type": "image",
          "assetId": "Zh-ZDKiWLK_4",
          "checksum": "c82570e393b66e7076d8e9786c04f67b"
        },
        {
          "type": "image",
          "assetId": "zF5v4kkVGQ0h",
          "checksum": "a1c9acd480df154ad8442968af2a7c00"
        },
        {
          "type": "image",
          "assetId": "YyYdG_qV4Lz1",
          "checksum": "d606077bc6054fad5c0443368dbccdc8"
        },
        {
          "type": "image",
          "assetId": "VU8MaWWTK2Qd",
          "checksum": "d4ccf56fd535b0bc861b6c6ab397dc30"
        },
        {
          "type": "image",
          "assetId": "tRJ3mT32A3rl",
          "checksum": "4486016207a9f93765d5307b0bc2d9cf"
        },
        {
          "type": "image",
          "assetId": "uMv31mqr7iTR",
          "checksum": "a2cd73022e38350900902f9ce2dab8fa"
        },
        {
          "type": "image",
          "assetId": "pOJwHl8i8Ztg",
          "checksum": "39c44f0278b8863cd71e93f24b880f33"
        },
        {
          "type": "image",
          "assetId": "cW0gh4_puIA3",
          "checksum": "d57069c7b0e88893b0f4973b6c3627ff"
        },
        {
          "type": "image",
          "assetId": "FI1YcuSCq1VW",
          "checksum": "929097e159d7cf2257f077d4206f762a"
        },
        {
          "type": "image",
          "assetId": "xiLjdcrcmHMh",
          "checksum": "a6f85877ef54dea6d6584dd26affa38f"
        },
        {
          "type": "image",
          "assetId": "qDBHq-kBBTxt",
          "checksum": "74fda247caeeb6d9ea42b20007acf1d8"
        },
        {
          "type": "image",
          "assetId": "ZObmtCuxyULv",
          "checksum": "5dac49c0c1133b07c55ea005a20e7cb1"
        },
        {
          "type": "image",
          "assetId": "DVghv7JP0VDJ",
          "checksum": "682772896078406f1dd4ed29a5b2db7a"
        },
        {
          "type": "image",
          "assetId": "-RkeVTtwTrS6",
          "checksum": "a64335536cb634256b51753756868d5f"
        },
        {
          "type": "image",
          "assetId": "HLQIQDtiJ3jj",
          "checksum": "c758544397f6cde6b50f91949b605410"
        },
        {
          "type": "image",
          "assetId": "wiyre2CJ3F9_",
          "checksum": "a1972c3020bc42ae3f8d42899fa1ebde"
        },
        {
          "type": "image",
          "assetId": "-gSO90d5_XAr",
          "checksum": "12b145453e98f1ed18979af5b8756d3e"
        },
        {
          "type": "image",
          "assetId": "KiEgNGC17FJR",
          "checksum": "b9c3fa88561da2c2062ab49ac94a6d91"
        },
        {
          "type": "image",
          "assetId": "WToFln3rM11Z",
          "checksum": "b8be4065e7d1309518b957c7dd97181f"
        }
      ],
      "codegenVersion": "0.0.2"
    }
  ],
  "cliVersion": "0.1.342"
}
